{
  "version": 4,
  "terraform_version": "1.3.1",
  "serial": 226,
  "lineage": "36918da7-6a06-fa09-5c54-c95a617d5ae8",
  "outputs": {},
  "resources": [
    {
      "mode": "data",
      "type": "azurerm_kubernetes_service_versions",
      "name": "current",
      "provider": "provider[\"registry.terraform.io/hashicorp/azurerm\"]",
      "instances": [
        {
          "schema_version": 0,
          "attributes": {
            "id": "/subscriptions/567d3268-e5e2-43c8-948e-0f04902117c3/providers/Microsoft.ContainerService/locations/westeurope/orchestrators",
            "include_preview": true,
            "latest_version": "1.27.3",
            "location": "westeurope",
            "timeouts": null,
            "version_prefix": null,
            "versions": [
              "1.25.6",
              "1.25.11",
              "1.26.3",
              "1.26.6",
              "1.27.1",
              "1.27.3"
            ]
          },
          "sensitive_attributes": []
        }
      ]
    },
    {
      "mode": "managed",
      "type": "azuread_group",
      "name": "aks_administrators",
      "provider": "provider[\"registry.terraform.io/hashicorp/azuread\"]",
      "instances": [
        {
          "schema_version": 0,
          "attributes": {
            "description": "",
            "display_name": "aks-sola-administrators",
            "id": "9aa32492-2c1f-4d76-8f47-f543fc7fb8a0",
            "mail_enabled": false,
            "members": [],
            "name": "aks-sola-administrators",
            "object_id": "9aa32492-2c1f-4d76-8f47-f543fc7fb8a0",
            "owners": [],
            "prevent_duplicate_names": false,
            "security_enabled": true
          },
          "sensitive_attributes": [],
          "private": "bnVsbA=="
        }
      ]
    },
    {
      "mode": "managed",
      "type": "azurerm_kubernetes_cluster",
      "name": "aks",
      "provider": "provider[\"registry.terraform.io/hashicorp/azurerm\"]",
      "instances": [
        {
          "schema_version": 2,
          "attributes": {
            "aci_connector_linux": [],
            "addon_profile": [
              {
                "aci_connector_linux": [],
                "azure_keyvault_secrets_provider": [],
                "azure_policy": [],
                "http_application_routing": [],
                "ingress_application_gateway": [],
                "kube_dashboard": [],
                "oms_agent": [
                  {
                    "enabled": true,
                    "log_analytics_workspace_id": "/subscriptions/567d3268-e5e2-43c8-948e-0f04902117c3/resourceGroups/sola/providers/Microsoft.OperationalInsights/workspaces/logs-solaborate",
                    "oms_agent_identity": [
                      {
                        "client_id": "bf503713-f320-4227-a11d-09a2a3875d13",
                        "object_id": "a2752c3c-6fc6-4fd1-9ccb-4c98c2dd64ec",
                        "user_assigned_identity_id": "/subscriptions/567d3268-e5e2-43c8-948e-0f04902117c3/resourcegroups/sola-aks/providers/Microsoft.ManagedIdentity/userAssignedIdentities/omsagent-aks-sola"
                      }
                    ]
                  }
                ],
                "open_service_mesh": []
              }
            ],
            "api_server_authorized_ip_ranges": [],
            "auto_scaler_profile": [
              {
                "balance_similar_node_groups": false,
                "empty_bulk_delete_max": "10",
                "expander": "random",
                "max_graceful_termination_sec": "600",
                "max_node_provisioning_time": "15m",
                "max_unready_nodes": 3,
                "max_unready_percentage": 45,
                "new_pod_scale_up_delay": "0s",
                "scale_down_delay_after_add": "10m",
                "scale_down_delay_after_delete": "10s",
                "scale_down_delay_after_failure": "3m",
                "scale_down_unneeded": "10m",
                "scale_down_unready": "20m",
                "scale_down_utilization_threshold": "0.5",
                "scan_interval": "10s",
                "skip_nodes_with_local_storage": false,
                "skip_nodes_with_system_pods": true
              }
            ],
            "automatic_channel_upgrade": "",
            "azure_active_directory_role_based_access_control": [],
            "azure_policy_enabled": false,
            "default_node_pool": [
              {
                "availability_zones": [],
                "enable_auto_scaling": true,
                "enable_host_encryption": false,
                "enable_node_public_ip": false,
                "fips_enabled": false,
                "kubelet_config": [],
                "kubelet_disk_type": "OS",
                "linux_os_config": [],
                "max_count": 3,
                "max_pods": 110,
                "min_count": 1,
                "name": "solapool1",
                "node_count": 1,
                "node_labels": {},
                "node_public_ip_prefix_id": "",
                "node_taints": [],
                "only_critical_addons_enabled": false,
                "orchestrator_version": "1.27.3",
                "os_disk_size_gb": 1024,
                "os_disk_type": "Managed",
                "os_sku": "Ubuntu",
                "pod_subnet_id": "",
                "proximity_placement_group_id": "",
                "tags": {},
                "type": "VirtualMachineScaleSets",
                "ultra_ssd_enabled": false,
                "upgrade_settings": [],
                "vm_size": "Standard_D2_v2",
                "vnet_subnet_id": ""
              }
            ],
            "disk_encryption_set_id": "",
            "dns_prefix": "aks-sola",
            "dns_prefix_private_cluster": "",
            "enable_pod_security_policy": false,
            "fqdn": "aks-sola-fi3h8ldm.hcp.westeurope.azmk8s.io",
            "http_application_routing_enabled": false,
            "http_application_routing_zone_name": "",
            "http_proxy_config": [],
            "id": "/subscriptions/567d3268-e5e2-43c8-948e-0f04902117c3/resourceGroups/sola/providers/Microsoft.ContainerService/managedClusters/aks-sola",
            "identity": [
              {
                "principal_id": "c7bddf2e-dae5-40d5-be85-168dd6186c6c",
                "tenant_id": "4f269686-786c-4930-bfb9-b7afc0dd979c",
                "type": "SystemAssigned",
                "user_assigned_identity_id": ""
              }
            ],
            "ingress_application_gateway": [],
            "key_vault_secrets_provider": [],
            "kube_admin_config": [],
            "kube_admin_config_raw": "",
            "kube_config": [
              {
                "client_certificate": "LS0tLS1CRUdJTiBDRVJUSUZJQ0FURS0tLS0tCk1JSUZIakNDQXdhZ0F3SUJBZ0lSQU8rV0h0Mm9aL2tPT0hsbHNVL0dzZzB3RFFZSktvWklodmNOQVFFTEJRQXcKRFRFTE1Ba0dBMVVFQXhNQ1kyRXdIaGNOTWpNd09ERXhNVFF4TkRReldoY05NalV3T0RFeE1UUXlORFF6V2pBdwpNUmN3RlFZRFZRUUtFdzV6ZVhOMFpXMDZiV0Z6ZEdWeWN6RVZNQk1HQTFVRUF4TU1iV0Z6ZEdWeVkyeHBaVzUwCk1JSUNJakFOQmdrcWhraUc5dzBCQVFFRkFBT0NBZzhBTUlJQ0NnS0NBZ0VBdDVwbEtKYXFzNXFlWGFydU05TzEKQVlKQ3E1OSszZGV5ekc1UyszVk1HVjNqd3g1TzVDajJzK1l2YUl0b1pRcTFVRUp4OUxTMktuNS85bnlUQzZWawpuWittcHQyRmVkbGFBU2lnTUgwcUlwUTAwU2JVZVg4YmZXL1ZUMjR0ZGoyUk9jRGMxOEsxaHlZSVlQVTRzMm5qClZybys3b05zK1hiOXBuYk1kak1VSGE0US9EWEN5MHhoaGtGNDg3VjRtKysvcnFDOC9HbW5pVFE1K0FWSm1QUlUKdkNsTmNWL0gwOVVtWDZOanNhc0FRL0gxb3cybC9ScG91bTFzYlJZbnJNYkVKTVhOYkNadWZaTG4xRnJBQ1dicwpseHZTYnRFaE9tTEh6T2c2TFJDMmFhVk9yUDZsc09MalVNV3p5bGY2cFZPalJNQ1BCOHIrelFqL0tWUWxvbnZrCmhmN1lMSE53bHNMWWFER2Z3T001dW4zak4zbnJyTzZPQ0xGcWJmRG1GL0hMbTBKbzVoMlZPU21JZjlhYS9YZVAKVTN6cVVJK1lwRmcreDB4dFZLSGVBSGNNTTZpS3AxemNFUXlybUp3bSt2aVhUbkhxTEdiUHhBTkUycTcweUs2WQpqT2p3aVNBUEJncm96R0tqZ25lc05QTnFEb2JIbUxCaHhvS1owcm13Uml0VXpiOHdqT2sxa1VSemZGSEZFbFJRCnRQM2VZMGV2bXQyQzczYVVOK1E2SVhPcFRDVU1KU2k4cmdTT2lRb295bEdSVTVIdnBXUG1QbThxZFlvdlkvVlgKOUpJMmtsNExiZW8vaDJIRS9jTmx2N2RKRGNMc1MwQ0VDc2VDdE9KMDNqYytWTVE0V05jU3pMSk5tTnFFYTVsdApwQzZHWmFNWE9WK0Y5ZnlQOVBiczZIY0NBd0VBQWFOV01GUXdEZ1lEVlIwUEFRSC9CQVFEQWdXZ01CTUdBMVVkCkpRUU1NQW9HQ0NzR0FRVUZCd01DTUF3R0ExVWRFd0VCL3dRQ01BQXdId1lEVlIwakJCZ3dGb0FVNGJiZThBWSsKSzAxNGZIMTNUa01DQXNrNFVGTXdEUVlKS29aSWh2Y05BUUVMQlFBRGdnSUJBS1pVUUFuQlEwZ3QrS1FzTTBjTQp2YmRoVlRwa1paRUFRME8xc2NOQmFuT2t2TTFlY1h0R1BKTU1ZbTgzdWZvUFFBUkpkTVpUUnJOMC9kT1JXbDZHCk5ld2xDN2RpUVRRUHpRMUUvbWxGejhxVVg2a0JsUTRkemE3eUF2NGdaVFFtc05NYmVPcmczcDRkS2U2cDBRNi8KNWk1a3dJV3krNEtpYnNqWGxoY3lSNUNRSFJ6WWZWd1h0aHZIdkg1TEF1SHh3dU1jMzFWdmVEcEwrTDFFWllicgpyL21OSGRSUTMwK3FzMnVKL3pDL0xRbDh6c2dZZUhFWVBlM1k5Z3ZJWHRzaVlxUXlVOVRwSFMxc20xa2JCRE1rCm03UjBrUEtFWEc2YnBlTDZRMys2cWZLTWpvUWdEem14RkZuZlhzblRua0lucEt5b2tpbGxkVjFPR3MrTjYrODIKenJ5N3Qrd3crNmJCdVRqVVluRU4wN25qU1JESUZmTWJvSnFBOVR2SFpPVXlKUEh6Q0RJMWJtMXFTRmVTS3psegpqYlZORktBeDIwd2tWUkQ2czJkMUIwZElSeHIrb0EvT2JJZW96czBZQTRqdFUrWHRYM21BUTVJcm9leWlhMlY1CkYxbk9hUlhKMTM1UzF3S2xzNGt3SmJYU1A0SkczeFlaSWJoUUY0Z24yS3NTaGx6bFVRNk5uNEtadjk1RmcxNTYKMVRuaHNZYjZ6d0k3TmNKQitGWXZaWU1VQjlwcEt4QzVndjd6NmxTRHpQc0VncjVBMWtvZzIycnNJVitlQUpHcgpxeFNSTHkwRFdOWUZlVDVTYmRMSTkvbjYybi9VN1c2N09oeEtJMTcyaUNRZDdRL1BsYVVIU0ZScU5seit5OWVJCnFSZkI2ZUl3SDFLWkN3N1llbHg3MUNLbgotLS0tLUVORCBDRVJUSUZJQ0FURS0tLS0tCg==",
                "client_key": "LS0tLS1CRUdJTiBSU0EgUFJJVkFURSBLRVktLS0tLQpNSUlKS0FJQkFBS0NBZ0VBdDVwbEtKYXFzNXFlWGFydU05TzFBWUpDcTU5KzNkZXl6RzVTKzNWTUdWM2p3eDVPCjVDajJzK1l2YUl0b1pRcTFVRUp4OUxTMktuNS85bnlUQzZWa25aK21wdDJGZWRsYUFTaWdNSDBxSXBRMDBTYlUKZVg4YmZXL1ZUMjR0ZGoyUk9jRGMxOEsxaHlZSVlQVTRzMm5qVnJvKzdvTnMrWGI5cG5iTWRqTVVIYTRRL0RYQwp5MHhoaGtGNDg3VjRtKysvcnFDOC9HbW5pVFE1K0FWSm1QUlV2Q2xOY1YvSDA5VW1YNk5qc2FzQVEvSDFvdzJsCi9ScG91bTFzYlJZbnJNYkVKTVhOYkNadWZaTG4xRnJBQ1dic2x4dlNidEVoT21MSHpPZzZMUkMyYWFWT3JQNmwKc09MalVNV3p5bGY2cFZPalJNQ1BCOHIrelFqL0tWUWxvbnZraGY3WUxITndsc0xZYURHZndPTTV1bjNqTjNucgpyTzZPQ0xGcWJmRG1GL0hMbTBKbzVoMlZPU21JZjlhYS9YZVBVM3pxVUkrWXBGZyt4MHh0VktIZUFIY01NNmlLCnAxemNFUXlybUp3bSt2aVhUbkhxTEdiUHhBTkUycTcweUs2WWpPandpU0FQQmdyb3pHS2pnbmVzTlBOcURvYkgKbUxCaHhvS1owcm13Uml0VXpiOHdqT2sxa1VSemZGSEZFbFJRdFAzZVkwZXZtdDJDNzNhVU4rUTZJWE9wVENVTQpKU2k4cmdTT2lRb295bEdSVTVIdnBXUG1QbThxZFlvdlkvVlg5Skkya2w0TGJlby9oMkhFL2NObHY3ZEpEY0xzClMwQ0VDc2VDdE9KMDNqYytWTVE0V05jU3pMSk5tTnFFYTVsdHBDNkdaYU1YT1YrRjlmeVA5UGJzNkhjQ0F3RUEKQVFLQ0FnRUFvakEwYmo5eU9jZzdYMWtRcFIyK1JyL3Y3eldzMTRHa2c2eHRoNDVkbEFiNW5USlgxSHRQT3luNgo5U281SlJEcGpDVzJEc25ZSmYrclFHMVpaQzlOaTJRdHpqZmZvZnpiNGl3bUhjOWplanBiMGVxd1JVZUFYRFYvClJIUjZtbm5Xb1NMNnMycGYreXdndUszRzBjNlhNZFRDcE9YYVRTRE0vdER3MnZWU0xzbkdYVldNWnhScERqVW0KQ0h0bE9MTDRLK1g0TEMyVS9zSHc5MlNNV0I1MS8rV29jSitBb1dNb1M5SEV6bnpWZGkvMm9udjdCblBlMGRpNQpzRCtpK3FCM1FsaXRsM3ozbTl3N0NMN0Y1MGhSZFVieGhFMGZRamxpY0dNd2lRQzdjdVhCYzFaYnZiOGZ1UWw4ClFpR24yNFhmczJzNnJsS205UzZlWUw3aHBBQTNwSnFQZVFFODFRYjc0STJCS3g5TUY4VFZpR2NvOS93WDU0SjMKWmljMHVzREdicXQwN3JyOWJ0QkdhSUVZOUtuRWJPb3F4Rnk4MzI3RllBbjUzdXdjRTV5NFRFcEdPdXAyRHh6VQpzWHJUNnhQL0R5YnJsMlBkNTVIZlBOMjdNZ0Z3eVVLdjh2bnNGakcwaHdLUmxQSFNnT2lnQUFjai9TcGpjU09PCittYVUwYlBxYURTeXNHVVIwaGlKRklGR0ZYZDFwYzhSM0Z5VWhOREhLazFlYSsrNDU4c2VDUkhSU3RaR3Fqcm8Kdkx5c05sejZGdmVBcWZva2QwdWo0ZCt4cndpanNRTjN6Q0hqWnF6K2RkSmVubzRwL091NzFHb3RXK2N5OWxZYwpxVTgvbmhZbUpsVktxZXdLKzJ5Q0VsUFdsVmdxSXB2VmdJdjlqVXR0MG1uT3dGcFp3SmtDZ2dFQkFNanBVRzNOCnQrMGVpZksvL09mQXZoMkJwbGVaWXVrb3dnMkl6dExmWi9uYmNmMXE1eFhhM0hlL0NLYXoySkNPWVNSR25TOEIKTVc4VGZDeXlBaEg2Vng5eng4K1FNbDZ6NDRuWXpScHcwKzlUdUlBNGpOVWdwUnRHOWJUVGRDZFFIYVhwbFJscQp6ZlRNa05pZUFDR2Rjc0JGUWdKSGpQQnJodEVFKzhyZ0dEQWRXdCtZZEp2emRHK1NpSC9LKzUxck8vOElkUlBnCnUzb0tNL1pwV3hDYXIrOHI5dTlmazhKcEZTV0FIVVFkTXR2K2NxZnFTMXBzNktQanRvY2V5UTd4bzR6MnNVNDAKMUlaZW9uSzRaUWd0SWozQ2FWQ3JGR0dmd2s5UllybUE5YUMydVB6akh5QThCU2tnMkk1aGJIcGdyV0NmblJ2MgpoNEdlSFE4WHR0MmJmWjBDZ2dFQkFPbnlKcnlRYnlWalRsdXBodzM3WUNoN1hqTHYvMVJpcWhEckQwY0RnaGZNCkpydFdycG1EdWE5YW1wUURpd0NEZDJRclBFNGlJajRrWldPSGk5eWVkcTlwUytmQkU3R05HaEtYT3RxQXB0YjgKWHBwK2ZhMWVYRmRqOGdSOWxRUHZLbVJydWY5TDNSTWZUWHVseHFxeVBDRk5OQ3dDRGVmMXp3YmJzNWNVcW1CYQozMWZwVklhQS9mWFpGd3MrTktLb0Z5Rk5RNFdmb1pQRXE1UksvdDIrMEp5S2xJYzUvZ2tpMmd4ZlpKVHE2Y3VQCm5Zd3FxRmQrTHgrbGVhNmNxc3FDK3luSHRKOW1JenZmWEZUbDVvT3dHYXplelZsdExuTGxJQlErU2VWUGZYWjkKM0VNU2h6azFGWlhsQXBtODUvdDZkUDVmMnNuUGI0NHFBbUZ3WmJiMjdDTUNnZ0VBYllIR0JlTndFYjFvZ1RpbAoxNGZWMSsxWHhqMWpqU1JiQ05kOXE3QjdVdE9LZ1E4b24xL29kUmhaMWNzSENsdWdsUTRzRkhlNUF3c0N6clhECnJScmZLOVNHbnhyQWFaL3hNS3hMdHRLeW9hcm5VSFFDUnhTQkNhb1d1SlhjcEtUbFZBNUo1MDJ3cm5KbHJMd0oKNUVpV1NEZzNyMWhpZUpTVEtoQm1VWUR0amlRaDZPZUcvNDJsOUQ1UlNoNVFJTkJYSmozczJvWE9pY2xQNDBvdgppWkJXdnEwZTdnQVJZSkM0SnZWNmZpclFFdHJRa2JlQmxPcnhyb3FxYldHWlF4endBU0JoS2ZoZnNsR1loNkQ3CjZJWDVPT0pqVnNXNDJURWp6dW5VUHJvTXA2bVFrTDRXdEJJaTJmVCtORFRqMUp3blJCZ2JvU2N4V3JQY3NPSkQKR096c2ZRS0NBUUFndStNenF6b0NEejBka2tEMWNlRG9pU3FMRWcyMTd3QkEwY01YZXFRdlZEOXZJeGZYSHhsUwpNZWxESUtQSWRKeTJCVjZ3eUJIbWhBMHp1Zm1WNnc1TVNQMTM5Z29kWTlMc0d3RC9KZFV5YTZtSkVIM2hUank1CmRhQ2RoRHpmaWcxeWM2aFkwbktpaEZUQklsY0Q5MkIyZ0dqMloyc3VzN1ErRDJ1M2pncXc1TVl2ZE5TQTVYZWoKZUxiQ3VmZC9jdW1ablVmL1lIQ3BUbkY3bEdySStEUVVVMGVwRERKQmNRRDFqanR5b3RRSHlaYVAwRUF4emRRbQpKMjg1UVc2Y1cydHRVeVl3ejRmS2p0eEtmTWllVUh1bk5wMmhENmZhSjdrdlcrL1hDQ0pUL0JSZnhpM3BrVVh0CjdWZEp6NmJlQnlwcmxWbjF0dkt5LzZuSm5JSis4Vm5sQW9JQkFCY1FBQi9ZUFBWNmRkdkNhWjU5Sy9yb1h4clgKaS9jR1k1SUpPVjF0RStGU25WMG9sVlJsYXlaUXhRVldoTjhOWmZyc29VeDRYUmIyYW5vNTR5RWpScENIeFZLWgpsQ3N5dTNPQ3RwMDltUHlNS0QzUVVMSnQydHVpRGI3ZzFWYWhUZlNUby90QVZqanJ6UGVlZ1QxbnJ6RG44NzBOCnR3K251MjZZQ3VxOUxkOUNMOTVzcTM1dG9mT3F6cmFzWWYzTjN4Tk9jWWNiV2xHM0xrb29BOENtTXk3bkZpanUKV251K1ZQb0FTcGdraGVhemtSSGJ5c0VwUno5K1hwbXg5SEhEUmdzdDhHM1plUTJyaTVyd2FSWDF0QmV5d2t1VQpuUTYyM2dHc1pvRGJwOFExZDJNQVhoaWR5Q2pjRXFPM1ZJcU9pTGFkREVRY3ZlR0pPczlQV1dOZWh6az0KLS0tLS1FTkQgUlNBIFBSSVZBVEUgS0VZLS0tLS0K",
                "cluster_ca_certificate": "LS0tLS1CRUdJTiBDRVJUSUZJQ0FURS0tLS0tCk1JSUU2VENDQXRHZ0F3SUJBZ0lSQUt6bFk0bEQwYXA0SGdKUTliSGI4NGt3RFFZSktvWklodmNOQVFFTEJRQXcKRFRFTE1Ba0dBMVVFQXhNQ1kyRXdJQmNOTWpNd09ERXhNVFF4TkRReldoZ1BNakExTXpBNE1URXhOREkwTkROYQpNQTB4Q3pBSkJnTlZCQU1UQW1OaE1JSUNJakFOQmdrcWhraUc5dzBCQVFFRkFBT0NBZzhBTUlJQ0NnS0NBZ0VBCnlRWHZCSmg5REtwR0sydmZ3WkNUVXVLb3lOSkJXNEs4QUJkd1RYRmxlaXNBSjdPcjd1L21DdGVaYitjMjN4WisKKzdteklUL0EwR0dpWmFsKzA1Q3lXYXBRWTJJWE9GK3pKZlV2clFQWkFrbDZWekJCd0ozZGFZanJWUGVrVWJBRwpVSDBWT2tuL0MrL3ZaTDlxUGk2MzhYUHFyWVFXTXhZWllaWFpPTnlWeVJBRVZkbVBiQU1Xdm1hdml3UUZjK09zCnFDUVliZmY0OExFYytSYUJIQ2RZaDE5T0hNbkwwd2VpSWhyNld3ekVJL2xveXMweGRXSDBvY1FvWWFHdzZCZ0sKQ0ppNDRyak8xa1VnalVEWGlOcS83SXY3Q2o1UXhGOHRjVU5jU3lNM3RVQ2JnUVJCYmM4aVBjUkFxVWdUSFFISApVWDR6ei9mTmZMQk9TaHlGbVNaMFJ6VDluOTZtR2Fka29CUnBzR25sZmNPOFNUL3BIOG11TVJRUzlPVjVZRHM3Cm82OXNQNmhzRkJPay9UTzhOZ1dWQlRXdzMvd0xIbS91eE9ZVjdBQmNVTU5uU0s5ck5SSzhwNTh1aFBVcjhYeGoKMHk2dWZMQVptS2MzK3BrMUdVelhyOE5EUFR3YjVyR0hINytXNTFyNUxaaEd1UXQ3Um5pQmdwaDdZSUxjUTR2QwpzVFY3R05jSW5TM3l3SlVLakI3TDlYcERkdUt1ZDFGM1dkbFFtK0h1RytMTFlvQ24yR2hib2ROaHBuVEZCUnJ1CjdqZmNvOFcvWm8yS3NxMDV3U2ZSODQ1TitvcnhXM2RqcmpBdy9PK3o2RHNjRUk0Z3c3YmdIa2hDNGVBaTdGYTEKS0VwNVZTRWM4TlZ3Tk1majA1RUFmV3NKQ2huMnRyMEptTnp4SE03TUJLRUNBd0VBQWFOQ01FQXdEZ1lEVlIwUApBUUgvQkFRREFnS2tNQThHQTFVZEV3RUIvd1FGTUFNQkFmOHdIUVlEVlIwT0JCWUVGT0cyM3ZBR1BpdE5lSHg5CmQwNURBZ0xKT0ZCVE1BMEdDU3FHU0liM0RRRUJDd1VBQTRJQ0FRQ1I4aytpSCtmNnlkTzhHWERhZ3JBMW5YMzYKdGZMZTN5WDFVTWhjMnJWbm5WYXRHOUYwVGxPWkZVMmxseko3UFh4aXd2a2N0MU9SbWJVZHQxS3NaZ1RNMWxvUQpnM1J0TFFvUS9iakx6QmxiaGsyZ1FJWjZTOGxkLzVTVHVDMG5kakFQNnQ3c1NtbUpYVTZmMGoycFpCbm1HeE1lCndDemVsRnNGakFpNTVCQkJVL2RadEpIUHRzeTFGKzNwZG8xWjlIZUlRZUdVSlhkNXZ2UDBrMitTTnVlMUVFSlQKNW5oSUEwKzNOdml3U3JteDEwcTF5RWhkRmZOcVU5NlZEdlE2MmYwV1hSemtWM3pSQWQ1UUhKUmhOdXBobXcxcgpvRTEySm5ERGN0YkgzbklrRGoyTU1CaFJRU1lhRGdQRExNeUM4MWhDanphOU9pSkphcjl4WCtHZHkyRlJRd0J3Cm9FZk52cXBGejJsRDhrbWZTTjQvVmlaSFRyMDk5L1NxOTRrWE5Rdy9UYStqSFpla3VxK2VWTU5XNlRRWWk3NlEKUkxlVVlyQkptcCswWGJITXgyMDBKVlI3YUE5QnBHbUxWU3ZvNDZvaDM1TTFWdEhuSTdRMlRrY3V3a1lreG5HYgpHY0MxbnNwVWxoVFVrNVRTbkFOSnV0Q1B4UW95aUpOdVFrSTFmVTNCSDNIcTdOUmRCdTlmTER1aFpJNklERWR0CkRoOSs3NThXVkxHMnovOTJpRnJkK2dDbmVvRjBERGc2a05BUXRnMVFES1VBZ3NNZy9SdFVFL2hHMzlmQ0ZidXcKd3ZXdnF6L0NaRG0wVlNCUzQrSGtWSXJqUS95RWVYVmIvVFlOQ1drVTRCd3A3bGxzNHFrRHFOc3h1djNIZDdvOApOT0lya3A5SWdBcG1kS29jT0E9PQotLS0tLUVORCBDRVJUSUZJQ0FURS0tLS0tCg==",
                "host": "https://aks-sola-fi3h8ldm.hcp.westeurope.azmk8s.io:443",
                "password": "g4r5j6fnaw2qldpx5s7sajs5uw3ct08isax1s8qnavpahi3hb6jivx7dw2eomuruxvhyjr0itcftuhs583tn1exczqaczl6tl2e9tpiyioygr51q606ncedcf579ujdg",
                "username": "clusterUser_sola_aks-sola"
              }
            ],
            "kube_config_raw": "apiVersion: v1\nclusters:\n- cluster:\n    certificate-authority-data: LS0tLS1CRUdJTiBDRVJUSUZJQ0FURS0tLS0tCk1JSUU2VENDQXRHZ0F3SUJBZ0lSQUt6bFk0bEQwYXA0SGdKUTliSGI4NGt3RFFZSktvWklodmNOQVFFTEJRQXcKRFRFTE1Ba0dBMVVFQXhNQ1kyRXdJQmNOTWpNd09ERXhNVFF4TkRReldoZ1BNakExTXpBNE1URXhOREkwTkROYQpNQTB4Q3pBSkJnTlZCQU1UQW1OaE1JSUNJakFOQmdrcWhraUc5dzBCQVFFRkFBT0NBZzhBTUlJQ0NnS0NBZ0VBCnlRWHZCSmg5REtwR0sydmZ3WkNUVXVLb3lOSkJXNEs4QUJkd1RYRmxlaXNBSjdPcjd1L21DdGVaYitjMjN4WisKKzdteklUL0EwR0dpWmFsKzA1Q3lXYXBRWTJJWE9GK3pKZlV2clFQWkFrbDZWekJCd0ozZGFZanJWUGVrVWJBRwpVSDBWT2tuL0MrL3ZaTDlxUGk2MzhYUHFyWVFXTXhZWllaWFpPTnlWeVJBRVZkbVBiQU1Xdm1hdml3UUZjK09zCnFDUVliZmY0OExFYytSYUJIQ2RZaDE5T0hNbkwwd2VpSWhyNld3ekVJL2xveXMweGRXSDBvY1FvWWFHdzZCZ0sKQ0ppNDRyak8xa1VnalVEWGlOcS83SXY3Q2o1UXhGOHRjVU5jU3lNM3RVQ2JnUVJCYmM4aVBjUkFxVWdUSFFISApVWDR6ei9mTmZMQk9TaHlGbVNaMFJ6VDluOTZtR2Fka29CUnBzR25sZmNPOFNUL3BIOG11TVJRUzlPVjVZRHM3Cm82OXNQNmhzRkJPay9UTzhOZ1dWQlRXdzMvd0xIbS91eE9ZVjdBQmNVTU5uU0s5ck5SSzhwNTh1aFBVcjhYeGoKMHk2dWZMQVptS2MzK3BrMUdVelhyOE5EUFR3YjVyR0hINytXNTFyNUxaaEd1UXQ3Um5pQmdwaDdZSUxjUTR2QwpzVFY3R05jSW5TM3l3SlVLakI3TDlYcERkdUt1ZDFGM1dkbFFtK0h1RytMTFlvQ24yR2hib2ROaHBuVEZCUnJ1CjdqZmNvOFcvWm8yS3NxMDV3U2ZSODQ1TitvcnhXM2RqcmpBdy9PK3o2RHNjRUk0Z3c3YmdIa2hDNGVBaTdGYTEKS0VwNVZTRWM4TlZ3Tk1majA1RUFmV3NKQ2huMnRyMEptTnp4SE03TUJLRUNBd0VBQWFOQ01FQXdEZ1lEVlIwUApBUUgvQkFRREFnS2tNQThHQTFVZEV3RUIvd1FGTUFNQkFmOHdIUVlEVlIwT0JCWUVGT0cyM3ZBR1BpdE5lSHg5CmQwNURBZ0xKT0ZCVE1BMEdDU3FHU0liM0RRRUJDd1VBQTRJQ0FRQ1I4aytpSCtmNnlkTzhHWERhZ3JBMW5YMzYKdGZMZTN5WDFVTWhjMnJWbm5WYXRHOUYwVGxPWkZVMmxseko3UFh4aXd2a2N0MU9SbWJVZHQxS3NaZ1RNMWxvUQpnM1J0TFFvUS9iakx6QmxiaGsyZ1FJWjZTOGxkLzVTVHVDMG5kakFQNnQ3c1NtbUpYVTZmMGoycFpCbm1HeE1lCndDemVsRnNGakFpNTVCQkJVL2RadEpIUHRzeTFGKzNwZG8xWjlIZUlRZUdVSlhkNXZ2UDBrMitTTnVlMUVFSlQKNW5oSUEwKzNOdml3U3JteDEwcTF5RWhkRmZOcVU5NlZEdlE2MmYwV1hSemtWM3pSQWQ1UUhKUmhOdXBobXcxcgpvRTEySm5ERGN0YkgzbklrRGoyTU1CaFJRU1lhRGdQRExNeUM4MWhDanphOU9pSkphcjl4WCtHZHkyRlJRd0J3Cm9FZk52cXBGejJsRDhrbWZTTjQvVmlaSFRyMDk5L1NxOTRrWE5Rdy9UYStqSFpla3VxK2VWTU5XNlRRWWk3NlEKUkxlVVlyQkptcCswWGJITXgyMDBKVlI3YUE5QnBHbUxWU3ZvNDZvaDM1TTFWdEhuSTdRMlRrY3V3a1lreG5HYgpHY0MxbnNwVWxoVFVrNVRTbkFOSnV0Q1B4UW95aUpOdVFrSTFmVTNCSDNIcTdOUmRCdTlmTER1aFpJNklERWR0CkRoOSs3NThXVkxHMnovOTJpRnJkK2dDbmVvRjBERGc2a05BUXRnMVFES1VBZ3NNZy9SdFVFL2hHMzlmQ0ZidXcKd3ZXdnF6L0NaRG0wVlNCUzQrSGtWSXJqUS95RWVYVmIvVFlOQ1drVTRCd3A3bGxzNHFrRHFOc3h1djNIZDdvOApOT0lya3A5SWdBcG1kS29jT0E9PQotLS0tLUVORCBDRVJUSUZJQ0FURS0tLS0tCg==\n    server: https://aks-sola-fi3h8ldm.hcp.westeurope.azmk8s.io:443\n  name: aks-sola\ncontexts:\n- context:\n    cluster: aks-sola\n    user: clusterUser_sola_aks-sola\n  name: aks-sola\ncurrent-context: aks-sola\nkind: Config\npreferences: {}\nusers:\n- name: clusterUser_sola_aks-sola\n  user:\n    client-certificate-data: LS0tLS1CRUdJTiBDRVJUSUZJQ0FURS0tLS0tCk1JSUZIakNDQXdhZ0F3SUJBZ0lSQU8rV0h0Mm9aL2tPT0hsbHNVL0dzZzB3RFFZSktvWklodmNOQVFFTEJRQXcKRFRFTE1Ba0dBMVVFQXhNQ1kyRXdIaGNOTWpNd09ERXhNVFF4TkRReldoY05NalV3T0RFeE1UUXlORFF6V2pBdwpNUmN3RlFZRFZRUUtFdzV6ZVhOMFpXMDZiV0Z6ZEdWeWN6RVZNQk1HQTFVRUF4TU1iV0Z6ZEdWeVkyeHBaVzUwCk1JSUNJakFOQmdrcWhraUc5dzBCQVFFRkFBT0NBZzhBTUlJQ0NnS0NBZ0VBdDVwbEtKYXFzNXFlWGFydU05TzEKQVlKQ3E1OSszZGV5ekc1UyszVk1HVjNqd3g1TzVDajJzK1l2YUl0b1pRcTFVRUp4OUxTMktuNS85bnlUQzZWawpuWittcHQyRmVkbGFBU2lnTUgwcUlwUTAwU2JVZVg4YmZXL1ZUMjR0ZGoyUk9jRGMxOEsxaHlZSVlQVTRzMm5qClZybys3b05zK1hiOXBuYk1kak1VSGE0US9EWEN5MHhoaGtGNDg3VjRtKysvcnFDOC9HbW5pVFE1K0FWSm1QUlUKdkNsTmNWL0gwOVVtWDZOanNhc0FRL0gxb3cybC9ScG91bTFzYlJZbnJNYkVKTVhOYkNadWZaTG4xRnJBQ1dicwpseHZTYnRFaE9tTEh6T2c2TFJDMmFhVk9yUDZsc09MalVNV3p5bGY2cFZPalJNQ1BCOHIrelFqL0tWUWxvbnZrCmhmN1lMSE53bHNMWWFER2Z3T001dW4zak4zbnJyTzZPQ0xGcWJmRG1GL0hMbTBKbzVoMlZPU21JZjlhYS9YZVAKVTN6cVVJK1lwRmcreDB4dFZLSGVBSGNNTTZpS3AxemNFUXlybUp3bSt2aVhUbkhxTEdiUHhBTkUycTcweUs2WQpqT2p3aVNBUEJncm96R0tqZ25lc05QTnFEb2JIbUxCaHhvS1owcm13Uml0VXpiOHdqT2sxa1VSemZGSEZFbFJRCnRQM2VZMGV2bXQyQzczYVVOK1E2SVhPcFRDVU1KU2k4cmdTT2lRb295bEdSVTVIdnBXUG1QbThxZFlvdlkvVlgKOUpJMmtsNExiZW8vaDJIRS9jTmx2N2RKRGNMc1MwQ0VDc2VDdE9KMDNqYytWTVE0V05jU3pMSk5tTnFFYTVsdApwQzZHWmFNWE9WK0Y5ZnlQOVBiczZIY0NBd0VBQWFOV01GUXdEZ1lEVlIwUEFRSC9CQVFEQWdXZ01CTUdBMVVkCkpRUU1NQW9HQ0NzR0FRVUZCd01DTUF3R0ExVWRFd0VCL3dRQ01BQXdId1lEVlIwakJCZ3dGb0FVNGJiZThBWSsKSzAxNGZIMTNUa01DQXNrNFVGTXdEUVlKS29aSWh2Y05BUUVMQlFBRGdnSUJBS1pVUUFuQlEwZ3QrS1FzTTBjTQp2YmRoVlRwa1paRUFRME8xc2NOQmFuT2t2TTFlY1h0R1BKTU1ZbTgzdWZvUFFBUkpkTVpUUnJOMC9kT1JXbDZHCk5ld2xDN2RpUVRRUHpRMUUvbWxGejhxVVg2a0JsUTRkemE3eUF2NGdaVFFtc05NYmVPcmczcDRkS2U2cDBRNi8KNWk1a3dJV3krNEtpYnNqWGxoY3lSNUNRSFJ6WWZWd1h0aHZIdkg1TEF1SHh3dU1jMzFWdmVEcEwrTDFFWllicgpyL21OSGRSUTMwK3FzMnVKL3pDL0xRbDh6c2dZZUhFWVBlM1k5Z3ZJWHRzaVlxUXlVOVRwSFMxc20xa2JCRE1rCm03UjBrUEtFWEc2YnBlTDZRMys2cWZLTWpvUWdEem14RkZuZlhzblRua0lucEt5b2tpbGxkVjFPR3MrTjYrODIKenJ5N3Qrd3crNmJCdVRqVVluRU4wN25qU1JESUZmTWJvSnFBOVR2SFpPVXlKUEh6Q0RJMWJtMXFTRmVTS3psegpqYlZORktBeDIwd2tWUkQ2czJkMUIwZElSeHIrb0EvT2JJZW96czBZQTRqdFUrWHRYM21BUTVJcm9leWlhMlY1CkYxbk9hUlhKMTM1UzF3S2xzNGt3SmJYU1A0SkczeFlaSWJoUUY0Z24yS3NTaGx6bFVRNk5uNEtadjk1RmcxNTYKMVRuaHNZYjZ6d0k3TmNKQitGWXZaWU1VQjlwcEt4QzVndjd6NmxTRHpQc0VncjVBMWtvZzIycnNJVitlQUpHcgpxeFNSTHkwRFdOWUZlVDVTYmRMSTkvbjYybi9VN1c2N09oeEtJMTcyaUNRZDdRL1BsYVVIU0ZScU5seit5OWVJCnFSZkI2ZUl3SDFLWkN3N1llbHg3MUNLbgotLS0tLUVORCBDRVJUSUZJQ0FURS0tLS0tCg==\n    client-key-data: LS0tLS1CRUdJTiBSU0EgUFJJVkFURSBLRVktLS0tLQpNSUlKS0FJQkFBS0NBZ0VBdDVwbEtKYXFzNXFlWGFydU05TzFBWUpDcTU5KzNkZXl6RzVTKzNWTUdWM2p3eDVPCjVDajJzK1l2YUl0b1pRcTFVRUp4OUxTMktuNS85bnlUQzZWa25aK21wdDJGZWRsYUFTaWdNSDBxSXBRMDBTYlUKZVg4YmZXL1ZUMjR0ZGoyUk9jRGMxOEsxaHlZSVlQVTRzMm5qVnJvKzdvTnMrWGI5cG5iTWRqTVVIYTRRL0RYQwp5MHhoaGtGNDg3VjRtKysvcnFDOC9HbW5pVFE1K0FWSm1QUlV2Q2xOY1YvSDA5VW1YNk5qc2FzQVEvSDFvdzJsCi9ScG91bTFzYlJZbnJNYkVKTVhOYkNadWZaTG4xRnJBQ1dic2x4dlNidEVoT21MSHpPZzZMUkMyYWFWT3JQNmwKc09MalVNV3p5bGY2cFZPalJNQ1BCOHIrelFqL0tWUWxvbnZraGY3WUxITndsc0xZYURHZndPTTV1bjNqTjNucgpyTzZPQ0xGcWJmRG1GL0hMbTBKbzVoMlZPU21JZjlhYS9YZVBVM3pxVUkrWXBGZyt4MHh0VktIZUFIY01NNmlLCnAxemNFUXlybUp3bSt2aVhUbkhxTEdiUHhBTkUycTcweUs2WWpPandpU0FQQmdyb3pHS2pnbmVzTlBOcURvYkgKbUxCaHhvS1owcm13Uml0VXpiOHdqT2sxa1VSemZGSEZFbFJRdFAzZVkwZXZtdDJDNzNhVU4rUTZJWE9wVENVTQpKU2k4cmdTT2lRb295bEdSVTVIdnBXUG1QbThxZFlvdlkvVlg5Skkya2w0TGJlby9oMkhFL2NObHY3ZEpEY0xzClMwQ0VDc2VDdE9KMDNqYytWTVE0V05jU3pMSk5tTnFFYTVsdHBDNkdaYU1YT1YrRjlmeVA5UGJzNkhjQ0F3RUEKQVFLQ0FnRUFvakEwYmo5eU9jZzdYMWtRcFIyK1JyL3Y3eldzMTRHa2c2eHRoNDVkbEFiNW5USlgxSHRQT3luNgo5U281SlJEcGpDVzJEc25ZSmYrclFHMVpaQzlOaTJRdHpqZmZvZnpiNGl3bUhjOWplanBiMGVxd1JVZUFYRFYvClJIUjZtbm5Xb1NMNnMycGYreXdndUszRzBjNlhNZFRDcE9YYVRTRE0vdER3MnZWU0xzbkdYVldNWnhScERqVW0KQ0h0bE9MTDRLK1g0TEMyVS9zSHc5MlNNV0I1MS8rV29jSitBb1dNb1M5SEV6bnpWZGkvMm9udjdCblBlMGRpNQpzRCtpK3FCM1FsaXRsM3ozbTl3N0NMN0Y1MGhSZFVieGhFMGZRamxpY0dNd2lRQzdjdVhCYzFaYnZiOGZ1UWw4ClFpR24yNFhmczJzNnJsS205UzZlWUw3aHBBQTNwSnFQZVFFODFRYjc0STJCS3g5TUY4VFZpR2NvOS93WDU0SjMKWmljMHVzREdicXQwN3JyOWJ0QkdhSUVZOUtuRWJPb3F4Rnk4MzI3RllBbjUzdXdjRTV5NFRFcEdPdXAyRHh6VQpzWHJUNnhQL0R5YnJsMlBkNTVIZlBOMjdNZ0Z3eVVLdjh2bnNGakcwaHdLUmxQSFNnT2lnQUFjai9TcGpjU09PCittYVUwYlBxYURTeXNHVVIwaGlKRklGR0ZYZDFwYzhSM0Z5VWhOREhLazFlYSsrNDU4c2VDUkhSU3RaR3Fqcm8Kdkx5c05sejZGdmVBcWZva2QwdWo0ZCt4cndpanNRTjN6Q0hqWnF6K2RkSmVubzRwL091NzFHb3RXK2N5OWxZYwpxVTgvbmhZbUpsVktxZXdLKzJ5Q0VsUFdsVmdxSXB2VmdJdjlqVXR0MG1uT3dGcFp3SmtDZ2dFQkFNanBVRzNOCnQrMGVpZksvL09mQXZoMkJwbGVaWXVrb3dnMkl6dExmWi9uYmNmMXE1eFhhM0hlL0NLYXoySkNPWVNSR25TOEIKTVc4VGZDeXlBaEg2Vng5eng4K1FNbDZ6NDRuWXpScHcwKzlUdUlBNGpOVWdwUnRHOWJUVGRDZFFIYVhwbFJscQp6ZlRNa05pZUFDR2Rjc0JGUWdKSGpQQnJodEVFKzhyZ0dEQWRXdCtZZEp2emRHK1NpSC9LKzUxck8vOElkUlBnCnUzb0tNL1pwV3hDYXIrOHI5dTlmazhKcEZTV0FIVVFkTXR2K2NxZnFTMXBzNktQanRvY2V5UTd4bzR6MnNVNDAKMUlaZW9uSzRaUWd0SWozQ2FWQ3JGR0dmd2s5UllybUE5YUMydVB6akh5QThCU2tnMkk1aGJIcGdyV0NmblJ2MgpoNEdlSFE4WHR0MmJmWjBDZ2dFQkFPbnlKcnlRYnlWalRsdXBodzM3WUNoN1hqTHYvMVJpcWhEckQwY0RnaGZNCkpydFdycG1EdWE5YW1wUURpd0NEZDJRclBFNGlJajRrWldPSGk5eWVkcTlwUytmQkU3R05HaEtYT3RxQXB0YjgKWHBwK2ZhMWVYRmRqOGdSOWxRUHZLbVJydWY5TDNSTWZUWHVseHFxeVBDRk5OQ3dDRGVmMXp3YmJzNWNVcW1CYQozMWZwVklhQS9mWFpGd3MrTktLb0Z5Rk5RNFdmb1pQRXE1UksvdDIrMEp5S2xJYzUvZ2tpMmd4ZlpKVHE2Y3VQCm5Zd3FxRmQrTHgrbGVhNmNxc3FDK3luSHRKOW1JenZmWEZUbDVvT3dHYXplelZsdExuTGxJQlErU2VWUGZYWjkKM0VNU2h6azFGWlhsQXBtODUvdDZkUDVmMnNuUGI0NHFBbUZ3WmJiMjdDTUNnZ0VBYllIR0JlTndFYjFvZ1RpbAoxNGZWMSsxWHhqMWpqU1JiQ05kOXE3QjdVdE9LZ1E4b24xL29kUmhaMWNzSENsdWdsUTRzRkhlNUF3c0N6clhECnJScmZLOVNHbnhyQWFaL3hNS3hMdHRLeW9hcm5VSFFDUnhTQkNhb1d1SlhjcEtUbFZBNUo1MDJ3cm5KbHJMd0oKNUVpV1NEZzNyMWhpZUpTVEtoQm1VWUR0amlRaDZPZUcvNDJsOUQ1UlNoNVFJTkJYSmozczJvWE9pY2xQNDBvdgppWkJXdnEwZTdnQVJZSkM0SnZWNmZpclFFdHJRa2JlQmxPcnhyb3FxYldHWlF4endBU0JoS2ZoZnNsR1loNkQ3CjZJWDVPT0pqVnNXNDJURWp6dW5VUHJvTXA2bVFrTDRXdEJJaTJmVCtORFRqMUp3blJCZ2JvU2N4V3JQY3NPSkQKR096c2ZRS0NBUUFndStNenF6b0NEejBka2tEMWNlRG9pU3FMRWcyMTd3QkEwY01YZXFRdlZEOXZJeGZYSHhsUwpNZWxESUtQSWRKeTJCVjZ3eUJIbWhBMHp1Zm1WNnc1TVNQMTM5Z29kWTlMc0d3RC9KZFV5YTZtSkVIM2hUank1CmRhQ2RoRHpmaWcxeWM2aFkwbktpaEZUQklsY0Q5MkIyZ0dqMloyc3VzN1ErRDJ1M2pncXc1TVl2ZE5TQTVYZWoKZUxiQ3VmZC9jdW1ablVmL1lIQ3BUbkY3bEdySStEUVVVMGVwRERKQmNRRDFqanR5b3RRSHlaYVAwRUF4emRRbQpKMjg1UVc2Y1cydHRVeVl3ejRmS2p0eEtmTWllVUh1bk5wMmhENmZhSjdrdlcrL1hDQ0pUL0JSZnhpM3BrVVh0CjdWZEp6NmJlQnlwcmxWbjF0dkt5LzZuSm5JSis4Vm5sQW9JQkFCY1FBQi9ZUFBWNmRkdkNhWjU5Sy9yb1h4clgKaS9jR1k1SUpPVjF0RStGU25WMG9sVlJsYXlaUXhRVldoTjhOWmZyc29VeDRYUmIyYW5vNTR5RWpScENIeFZLWgpsQ3N5dTNPQ3RwMDltUHlNS0QzUVVMSnQydHVpRGI3ZzFWYWhUZlNUby90QVZqanJ6UGVlZ1QxbnJ6RG44NzBOCnR3K251MjZZQ3VxOUxkOUNMOTVzcTM1dG9mT3F6cmFzWWYzTjN4Tk9jWWNiV2xHM0xrb29BOENtTXk3bkZpanUKV251K1ZQb0FTcGdraGVhemtSSGJ5c0VwUno5K1hwbXg5SEhEUmdzdDhHM1plUTJyaTVyd2FSWDF0QmV5d2t1VQpuUTYyM2dHc1pvRGJwOFExZDJNQVhoaWR5Q2pjRXFPM1ZJcU9pTGFkREVRY3ZlR0pPczlQV1dOZWh6az0KLS0tLS1FTkQgUlNBIFBSSVZBVEUgS0VZLS0tLS0K\n    token: g4r5j6fnaw2qldpx5s7sajs5uw3ct08isax1s8qnavpahi3hb6jivx7dw2eomuruxvhyjr0itcftuhs583tn1exczqaczl6tl2e9tpiyioygr51q606ncedcf579ujdg\n",
            "kubelet_identity": [
              {
                "client_id": "c3990660-7f0a-43dd-aa23-cc18dd9d2d2a",
                "object_id": "eab1505f-1148-4ce7-a126-c6ad151737be",
                "user_assigned_identity_id": "/subscriptions/567d3268-e5e2-43c8-948e-0f04902117c3/resourceGroups/sola-aks/providers/Microsoft.ManagedIdentity/userAssignedIdentities/aks-sola-agentpool"
              }
            ],
            "kubernetes_version": "1.27.3",
            "linux_profile": [],
            "local_account_disabled": false,
            "location": "westeurope",
            "maintenance_window": [],
            "name": "aks-sola",
            "network_profile": [
              {
                "dns_service_ip": "10.0.0.10",
                "docker_bridge_cidr": "172.17.0.1/16",
                "load_balancer_profile": [
                  {
                    "effective_outbound_ips": [
                      "/subscriptions/567d3268-e5e2-43c8-948e-0f04902117c3/resourceGroups/sola-aks/providers/Microsoft.Network/publicIPAddresses/e4884117-1367-457b-8800-8eaf8b636e2d"
                    ],
                    "idle_timeout_in_minutes": 0,
                    "managed_outbound_ip_count": 1,
                    "outbound_ip_address_ids": [],
                    "outbound_ip_prefix_ids": [],
                    "outbound_ports_allocated": 0
                  }
                ],
                "load_balancer_sku": "standard",
                "nat_gateway_profile": [],
                "network_mode": "",
                "network_plugin": "kubenet",
                "network_policy": "",
                "outbound_type": "loadBalancer",
                "pod_cidr": "10.244.0.0/16",
                "service_cidr": "10.0.0.0/16"
              }
            ],
            "node_resource_group": "sola-aks",
            "oms_agent": [
              {
                "log_analytics_workspace_id": "/subscriptions/567d3268-e5e2-43c8-948e-0f04902117c3/resourceGroups/sola/providers/Microsoft.OperationalInsights/workspaces/logs-solaborate",
                "oms_agent_identity": [
                  {
                    "client_id": "bf503713-f320-4227-a11d-09a2a3875d13",
                    "object_id": "a2752c3c-6fc6-4fd1-9ccb-4c98c2dd64ec",
                    "user_assigned_identity_id": "/subscriptions/567d3268-e5e2-43c8-948e-0f04902117c3/resourcegroups/sola-aks/providers/Microsoft.ManagedIdentity/userAssignedIdentities/omsagent-aks-sola"
                  }
                ]
              }
            ],
            "open_service_mesh_enabled": false,
            "portal_fqdn": "aks-sola-fi3h8ldm.portal.hcp.westeurope.azmk8s.io",
            "private_cluster_enabled": false,
            "private_cluster_public_fqdn_enabled": false,
            "private_dns_zone_id": "",
            "private_fqdn": "",
            "private_link_enabled": false,
            "public_network_access_enabled": true,
            "resource_group_name": "sola",
            "role_based_access_control": [
              {
                "azure_active_directory": [],
                "enabled": true
              }
            ],
            "role_based_access_control_enabled": true,
            "service_principal": [],
            "sku_tier": "Free",
            "tags": {},
            "timeouts": null,
            "windows_profile": []
          },
          "sensitive_attributes": [],
          "private": "eyJlMmJmYjczMC1lY2FhLTExZTYtOGY4OC0zNDM2M2JjN2M0YzAiOnsiY3JlYXRlIjo1NDAwMDAwMDAwMDAwLCJkZWxldGUiOjU0MDAwMDAwMDAwMDAsInJlYWQiOjMwMDAwMDAwMDAwMCwidXBkYXRlIjo1NDAwMDAwMDAwMDAwfSwic2NoZW1hX3ZlcnNpb24iOiIyIn0=",
          "dependencies": [
            "azurerm_log_analytics_workspace.insights",
            "azurerm_resource_group.solaborate-rg",
            "data.azurerm_kubernetes_service_versions.current"
          ]
        }
      ]
    },
    {
      "mode": "managed",
      "type": "azurerm_log_analytics_workspace",
      "name": "insights",
      "provider": "provider[\"registry.terraform.io/hashicorp/azurerm\"]",
      "instances": [
        {
          "schema_version": 2,
          "attributes": {
            "daily_quota_gb": -1,
            "id": "/subscriptions/567d3268-e5e2-43c8-948e-0f04902117c3/resourceGroups/sola/providers/Microsoft.OperationalInsights/workspaces/logs-solaborate",
            "internet_ingestion_enabled": true,
            "internet_query_enabled": true,
            "location": "westeurope",
            "name": "logs-solaborate",
            "portal_url": "",
            "primary_shared_key": "IBHTHQ9xsGwg6BiJRFjNyyw56xvCVvbjcaKlmZbomZdphQrgaSjAJHehHArfxzTgSHnsOCUTBYk9a+nAoigjvQ==",
            "reservation_capacity_in_gb_per_day": null,
            "reservation_capcity_in_gb_per_day": null,
            "resource_group_name": "sola",
            "retention_in_days": 30,
            "secondary_shared_key": "pczhBTaXhuSPHgE5fZ0Wglq1klga93SbRc0G8TOWiwHWQY9TWVhGEZqxf7kqZxETurVTyYO1pU5q60OuJNjrkQ==",
            "sku": "PerGB2018",
            "tags": {},
            "timeouts": null,
            "workspace_id": "9e99e638-1779-4970-a20f-ae4b4117bf91"
          },
          "sensitive_attributes": [],
          "private": "eyJlMmJmYjczMC1lY2FhLTExZTYtOGY4OC0zNDM2M2JjN2M0YzAiOnsiY3JlYXRlIjoxODAwMDAwMDAwMDAwLCJkZWxldGUiOjE4MDAwMDAwMDAwMDAsInJlYWQiOjMwMDAwMDAwMDAwMCwidXBkYXRlIjoxODAwMDAwMDAwMDAwfSwic2NoZW1hX3ZlcnNpb24iOiIyIn0=",
          "dependencies": [
            "azurerm_resource_group.solaborate-rg"
          ]
        }
      ]
    },
    {
      "mode": "managed",
      "type": "azurerm_network_interface",
      "name": "windows_vm_nic",
      "provider": "provider[\"registry.terraform.io/hashicorp/azurerm\"]",
      "instances": [
        {
          "schema_version": 0,
          "attributes": {
            "applied_dns_servers": [],
            "dns_servers": [],
            "enable_accelerated_networking": false,
            "enable_ip_forwarding": false,
            "id": "/subscriptions/567d3268-e5e2-43c8-948e-0f04902117c3/resourceGroups/sola/providers/Microsoft.Network/networkInterfaces/windowssolaborate",
            "internal_dns_name_label": "",
            "internal_domain_name_suffix": "spivsiocfnaunpe0eft1510wwg.ax.internal.cloudapp.net",
            "ip_configuration": [
              {
                "gateway_load_balancer_frontend_ip_configuration_id": "",
                "name": "internal",
                "primary": true,
                "private_ip_address": "10.0.2.4",
                "private_ip_address_allocation": "Dynamic",
                "private_ip_address_version": "IPv4",
                "public_ip_address_id": "",
                "subnet_id": "/subscriptions/567d3268-e5e2-43c8-948e-0f04902117c3/resourceGroups/sola/providers/Microsoft.Network/virtualNetworks/my-vnet/subnets/internal"
              }
            ],
            "location": "westeurope",
            "mac_address": "60-45-BD-90-E4-7C",
            "name": "windowssolaborate",
            "private_ip_address": "10.0.2.4",
            "private_ip_addresses": [
              "10.0.2.4"
            ],
            "resource_group_name": "sola",
            "tags": {},
            "timeouts": null,
            "virtual_machine_id": "/subscriptions/567d3268-e5e2-43c8-948e-0f04902117c3/resourceGroups/sola/providers/Microsoft.Compute/virtualMachines/winsola"
          },
          "sensitive_attributes": [],
          "private": "eyJlMmJmYjczMC1lY2FhLTExZTYtOGY4OC0zNDM2M2JjN2M0YzAiOnsiY3JlYXRlIjoxODAwMDAwMDAwMDAwLCJkZWxldGUiOjE4MDAwMDAwMDAwMDAsInJlYWQiOjMwMDAwMDAwMDAwMCwidXBkYXRlIjoxODAwMDAwMDAwMDAwfX0=",
          "dependencies": [
            "azurerm_resource_group.solaborate-rg",
            "azurerm_subnet.internal",
            "azurerm_virtual_network.vnet"
          ]
        }
      ]
    },
    {
      "mode": "managed",
      "type": "azurerm_resource_group",
      "name": "solaborate-rg",
      "provider": "provider[\"registry.terraform.io/hashicorp/azurerm\"]",
      "instances": [
        {
          "schema_version": 0,
          "attributes": {
            "id": "/subscriptions/567d3268-e5e2-43c8-948e-0f04902117c3/resourceGroups/sola",
            "location": "westeurope",
            "name": "sola",
            "tags": {},
            "timeouts": null
          },
          "sensitive_attributes": [],
          "private": "eyJlMmJmYjczMC1lY2FhLTExZTYtOGY4OC0zNDM2M2JjN2M0YzAiOnsiY3JlYXRlIjo1NDAwMDAwMDAwMDAwLCJkZWxldGUiOjU0MDAwMDAwMDAwMDAsInJlYWQiOjMwMDAwMDAwMDAwMCwidXBkYXRlIjo1NDAwMDAwMDAwMDAwfX0="
        }
      ]
    },
    {
      "mode": "managed",
      "type": "azurerm_subnet",
      "name": "internal",
      "provider": "provider[\"registry.terraform.io/hashicorp/azurerm\"]",
      "instances": [
        {
          "schema_version": 0,
          "attributes": {
            "address_prefix": "10.0.2.0/24",
            "address_prefixes": [
              "10.0.2.0/24"
            ],
            "delegation": [],
            "enforce_private_link_endpoint_network_policies": false,
            "enforce_private_link_service_network_policies": false,
            "id": "/subscriptions/567d3268-e5e2-43c8-948e-0f04902117c3/resourceGroups/sola/providers/Microsoft.Network/virtualNetworks/my-vnet/subnets/internal",
            "name": "internal",
            "resource_group_name": "sola",
            "service_endpoint_policy_ids": [],
            "service_endpoints": [],
            "timeouts": null,
            "virtual_network_name": "my-vnet"
          },
          "sensitive_attributes": [],
          "private": "eyJlMmJmYjczMC1lY2FhLTExZTYtOGY4OC0zNDM2M2JjN2M0YzAiOnsiY3JlYXRlIjoxODAwMDAwMDAwMDAwLCJkZWxldGUiOjE4MDAwMDAwMDAwMDAsInJlYWQiOjMwMDAwMDAwMDAwMCwidXBkYXRlIjoxODAwMDAwMDAwMDAwfX0=",
          "dependencies": [
            "azurerm_resource_group.solaborate-rg",
            "azurerm_virtual_network.vnet"
          ]
        }
      ]
    },
    {
      "mode": "managed",
      "type": "azurerm_virtual_network",
      "name": "vnet",
      "provider": "provider[\"registry.terraform.io/hashicorp/azurerm\"]",
      "instances": [
        {
          "schema_version": 0,
          "attributes": {
            "address_space": [
              "10.0.0.0/16"
            ],
            "bgp_community": "",
            "ddos_protection_plan": [],
            "dns_servers": [],
            "flow_timeout_in_minutes": 0,
            "guid": "2159d193-2bc2-4641-bc9a-2167bfef56b6",
            "id": "/subscriptions/567d3268-e5e2-43c8-948e-0f04902117c3/resourceGroups/sola/providers/Microsoft.Network/virtualNetworks/my-vnet",
            "location": "westeurope",
            "name": "my-vnet",
            "resource_group_name": "sola",
            "subnet": [
              {
                "address_prefix": "10.0.2.0/24",
                "id": "/subscriptions/567d3268-e5e2-43c8-948e-0f04902117c3/resourceGroups/sola/providers/Microsoft.Network/virtualNetworks/my-vnet/subnets/internal",
                "name": "internal",
                "security_group": ""
              }
            ],
            "tags": {},
            "timeouts": null,
            "vm_protection_enabled": false
          },
          "sensitive_attributes": [],
          "private": "eyJlMmJmYjczMC1lY2FhLTExZTYtOGY4OC0zNDM2M2JjN2M0YzAiOnsiY3JlYXRlIjoxODAwMDAwMDAwMDAwLCJkZWxldGUiOjE4MDAwMDAwMDAwMDAsInJlYWQiOjMwMDAwMDAwMDAwMCwidXBkYXRlIjoxODAwMDAwMDAwMDAwfX0=",
          "dependencies": [
            "azurerm_resource_group.solaborate-rg"
          ]
        }
      ]
    },
    {
      "mode": "managed",
      "type": "azurerm_windows_virtual_machine",
      "name": "windows_vm",
      "provider": "provider[\"registry.terraform.io/hashicorp/azurerm\"]",
      "instances": [
        {
          "schema_version": 0,
          "attributes": {
            "additional_capabilities": [],
            "additional_unattend_content": [],
            "admin_password": "M1cr0s0ft@2023",
            "admin_username": "adminuser",
            "allow_extension_operations": true,
            "availability_set_id": "",
            "boot_diagnostics": [],
            "computer_name": "winsola",
            "custom_data": null,
            "dedicated_host_group_id": "",
            "dedicated_host_id": "",
            "enable_automatic_updates": true,
            "encryption_at_host_enabled": false,
            "eviction_policy": "",
            "extensions_time_budget": "PT1H30M",
            "hotpatching_enabled": false,
            "id": "/subscriptions/567d3268-e5e2-43c8-948e-0f04902117c3/resourceGroups/sola/providers/Microsoft.Compute/virtualMachines/winsola",
            "identity": [],
            "license_type": "",
            "location": "westeurope",
            "max_bid_price": -1,
            "name": "winsola",
            "network_interface_ids": [
              "/subscriptions/567d3268-e5e2-43c8-948e-0f04902117c3/resourceGroups/sola/providers/Microsoft.Network/networkInterfaces/windowssolaborate"
            ],
            "os_disk": [
              {
                "caching": "ReadWrite",
                "diff_disk_settings": [],
                "disk_encryption_set_id": "",
                "disk_size_gb": 127,
                "name": "osdisk",
                "storage_account_type": "Standard_LRS",
                "write_accelerator_enabled": false
              }
            ],
            "patch_mode": "AutomaticByOS",
            "plan": [],
            "platform_fault_domain": -1,
            "priority": "Regular",
            "private_ip_address": "10.0.2.4",
            "private_ip_addresses": [
              "10.0.2.4"
            ],
            "provision_vm_agent": true,
            "proximity_placement_group_id": "",
            "public_ip_address": "",
            "public_ip_addresses": [],
            "resource_group_name": "sola",
            "secret": [],
            "secure_boot_enabled": false,
            "size": "Standard_D2_v2",
            "source_image_id": "",
            "source_image_reference": [
              {
                "offer": "WindowsServer",
                "publisher": "MicrosoftWindowsServer",
                "sku": "2022-datacenter",
                "version": "latest"
              }
            ],
            "tags": {},
            "timeouts": null,
            "timezone": "",
            "user_data": "",
            "virtual_machine_id": "43da987b-9ec9-416e-bc2a-a9124d9262cf",
            "virtual_machine_scale_set_id": "",
            "vtpm_enabled": false,
            "winrm_listener": [],
            "zone": ""
          },
          "sensitive_attributes": [],
          "private": "eyJlMmJmYjczMC1lY2FhLTExZTYtOGY4OC0zNDM2M2JjN2M0YzAiOnsiY3JlYXRlIjoyNzAwMDAwMDAwMDAwLCJkZWxldGUiOjI3MDAwMDAwMDAwMDAsInJlYWQiOjMwMDAwMDAwMDAwMCwidXBkYXRlIjoyNzAwMDAwMDAwMDAwfX0=",
          "dependencies": [
            "azurerm_network_interface.windows_vm_nic",
            "azurerm_resource_group.solaborate-rg",
            "azurerm_subnet.internal",
            "azurerm_virtual_network.vnet"
          ]
        }
      ]
    },
    {
      "mode": "managed",
      "type": "kubernetes_service",
      "name": "rabbitmq",
      "provider": "provider[\"registry.terraform.io/hashicorp/kubernetes\"]",
      "instances": [
        {
          "schema_version": 1,
          "attributes": {
            "id": "default/rabbitmq",
            "metadata": [
              {
                "annotations": {},
                "generate_name": "",
                "generation": 0,
                "labels": {},
                "name": "rabbitmq",
                "namespace": "default",
                "resource_version": "5602",
                "uid": "e310206c-10c2-4635-8964-228af3525233"
              }
            ],
            "spec": [
              {
                "allocate_load_balancer_node_ports": true,
                "cluster_ip": "10.0.59.228",
                "cluster_ips": [
                  "10.0.59.228"
                ],
                "external_ips": [],
                "external_name": "",
                "external_traffic_policy": "",
                "health_check_node_port": 0,
                "internal_traffic_policy": "Cluster",
                "ip_families": [
                  "IPv4"
                ],
                "ip_family_policy": "SingleStack",
                "load_balancer_class": "",
                "load_balancer_ip": "",
                "load_balancer_source_ranges": [],
                "port": [
                  {
                    "app_protocol": "",
                    "name": "",
                    "node_port": 0,
                    "port": 5672,
                    "protocol": "TCP",
                    "target_port": "5672"
                  }
                ],
                "publish_not_ready_addresses": false,
                "selector": {
                  "app": "rabbitmq"
                },
                "session_affinity": "None",
                "session_affinity_config": [],
                "type": "ClusterIP"
              }
            ],
            "status": [
              {
                "load_balancer": [
                  {
                    "ingress": []
                  }
                ]
              }
            ],
            "timeouts": null,
            "wait_for_load_balancer": true
          },
          "sensitive_attributes": [],
          "private": "eyJlMmJmYjczMC1lY2FhLTExZTYtOGY4OC0zNDM2M2JjN2M0YzAiOnsiY3JlYXRlIjo2MDAwMDAwMDAwMDB9LCJzY2hlbWFfdmVyc2lvbiI6IjEifQ=="
        }
      ]
    },
    {
      "mode": "managed",
      "type": "kubernetes_service_account",
      "name": "rabbitmq",
      "provider": "provider[\"registry.terraform.io/hashicorp/kubernetes\"]",
      "instances": [
        {
          "schema_version": 0,
          "attributes": {
            "automount_service_account_token": true,
            "default_secret_name": "",
            "id": "default/rabbitmq",
            "image_pull_secret": [],
            "metadata": [
              {
                "annotations": {},
                "generate_name": "",
                "generation": 0,
                "labels": {},
                "name": "rabbitmq",
                "namespace": "default",
                "resource_version": "13532",
                "uid": "63c731e9-e239-4a49-8557-ab619d6007dd"
              }
            ],
            "secret": [],
            "timeouts": null
          },
          "sensitive_attributes": [],
          "private": "eyJlMmJmYjczMC1lY2FhLTExZTYtOGY4OC0zNDM2M2JjN2M0YzAiOnsiY3JlYXRlIjozMDAwMDAwMDAwMH19"
        }
      ]
    },
    {
      "mode": "managed",
      "type": "kubernetes_stateful_set",
      "name": "rabbitmq",
      "provider": "provider[\"registry.terraform.io/hashicorp/kubernetes\"]",
      "instances": [
        {
          "status": "tainted",
          "schema_version": 1,
          "attributes": {
            "id": "default/rabbitmq",
            "metadata": [
              {
                "annotations": null,
                "generate_name": "",
                "generation": 0,
                "labels": null,
                "name": "rabbitmq",
                "namespace": "default",
                "resource_version": "",
                "uid": ""
              }
            ],
            "spec": [
              {
                "pod_management_policy": "",
                "replicas": "2",
                "revision_history_limit": 0,
                "selector": [
                  {
                    "match_expressions": [],
                    "match_labels": {
                      "app": "rabbitmq"
                    }
                  }
                ],
                "service_name": "rabbitmq-solaborate-service",
                "template": [
                  {
                    "metadata": [
                      {
                        "annotations": null,
                        "generate_name": "",
                        "generation": 0,
                        "labels": {
                          "app": "rabbitmq"
                        },
                        "name": "",
                        "resource_version": "",
                        "uid": ""
                      }
                    ],
                    "spec": [
                      {
                        "active_deadline_seconds": 0,
                        "affinity": [],
                        "automount_service_account_token": true,
                        "container": [
                          {
                            "args": [
                              "--config.file=/etc/config/rabbitmq.yml",
                              "--storage.tsdb.path=/data",
                              "--web.console.libraries=/etc/rabbitmq/console_libraries",
                              "--web.console.templates=/etc/rabbitmq/consoles",
                              "--web.enable-lifecycle"
                            ],
                            "command": null,
                            "env": [],
                            "env_from": [],
                            "image": "rabbitmq:latest",
                            "image_pull_policy": "IfNotPresent",
                            "lifecycle": [],
                            "liveness_probe": [
                              {
                                "exec": [],
                                "failure_threshold": 3,
                                "grpc": [],
                                "http_get": [
                                  {
                                    "host": "",
                                    "http_header": [],
                                    "path": "/-/healthy",
                                    "port": "9090",
                                    "scheme": "HTTPS"
                                  }
                                ],
                                "initial_delay_seconds": 30,
                                "period_seconds": 10,
                                "success_threshold": 1,
                                "tcp_socket": [],
                                "timeout_seconds": 30
                              }
                            ],
                            "name": "rabbitmq",
                            "port": [
                              {
                                "container_port": 9090,
                                "host_ip": "",
                                "host_port": 0,
                                "name": "",
                                "protocol": "TCP"
                              }
                            ],
                            "readiness_probe": [
                              {
                                "exec": [],
                                "failure_threshold": 3,
                                "grpc": [],
                                "http_get": [
                                  {
                                    "host": "",
                                    "http_header": [],
                                    "path": "/-/ready",
                                    "port": "9090",
                                    "scheme": "HTTP"
                                  }
                                ],
                                "initial_delay_seconds": 30,
                                "period_seconds": 10,
                                "success_threshold": 1,
                                "tcp_socket": [],
                                "timeout_seconds": 30
                              }
                            ],
                            "resources": [
                              {
                                "limits": {
                                  "cpu": "200m",
                                  "memory": "1000Mi"
                                },
                                "requests": {
                                  "cpu": "200m",
                                  "memory": "1000Mi"
                                }
                              }
                            ],
                            "security_context": [],
                            "startup_probe": [],
                            "stdin": false,
                            "stdin_once": false,
                            "termination_message_path": "/dev/termination-log",
                            "termination_message_policy": "",
                            "tty": false,
                            "volume_mount": [
                              {
                                "mount_path": "/etc/config",
                                "mount_propagation": "None",
                                "name": "config-volume",
                                "read_only": false,
                                "sub_path": ""
                              },
                              {
                                "mount_path": "/data",
                                "mount_propagation": "None",
                                "name": "rabbitmq-data",
                                "read_only": false,
                                "sub_path": ""
                              }
                            ],
                            "working_dir": ""
                          }
                        ],
                        "dns_config": [],
                        "dns_policy": "ClusterFirst",
                        "enable_service_links": true,
                        "host_aliases": [],
                        "host_ipc": false,
                        "host_network": false,
                        "host_pid": false,
                        "hostname": "",
                        "image_pull_secrets": [],
                        "init_container": [],
                        "node_name": "",
                        "node_selector": null,
                        "priority_class_name": "",
                        "readiness_gate": [],
                        "restart_policy": "Always",
                        "runtime_class_name": "",
                        "scheduler_name": "",
                        "security_context": [],
                        "service_account_name": "default",
                        "share_process_namespace": false,
                        "subdomain": "",
                        "termination_grace_period_seconds": 300,
                        "toleration": [],
                        "topology_spread_constraint": [],
                        "volume": [
                          {
                            "aws_elastic_block_store": [],
                            "azure_disk": [],
                            "azure_file": [],
                            "ceph_fs": [],
                            "cinder": [],
                            "config_map": [
                              {
                                "default_mode": "0644",
                                "items": [],
                                "name": "rabbitmq-config",
                                "optional": false
                              }
                            ],
                            "csi": [],
                            "downward_api": [],
                            "empty_dir": [],
                            "fc": [],
                            "flex_volume": [],
                            "flocker": [],
                            "gce_persistent_disk": [],
                            "git_repo": [],
                            "glusterfs": [],
                            "host_path": [],
                            "iscsi": [],
                            "local": [],
                            "name": "config-volume",
                            "nfs": [],
                            "persistent_volume_claim": [],
                            "photon_persistent_disk": [],
                            "projected": [],
                            "quobyte": [],
                            "rbd": [],
                            "secret": [],
                            "vsphere_volume": []
                          }
                        ]
                      }
                    ]
                  }
                ],
                "update_strategy": [
                  {
                    "rolling_update": [
                      {
                        "partition": 1
                      }
                    ],
                    "type": "RollingUpdate"
                  }
                ],
                "volume_claim_template": [
                  {
                    "metadata": [
                      {
                        "annotations": null,
                        "generate_name": "",
                        "generation": 0,
                        "labels": null,
                        "name": "rabbitmq-data",
                        "namespace": "default",
                        "resource_version": "",
                        "uid": ""
                      }
                    ],
                    "spec": [
                      {
                        "access_modes": [
                          "ReadWriteOnce"
                        ],
                        "resources": [
                          {
                            "limits": null,
                            "requests": {
                              "storage": "16Gi"
                            }
                          }
                        ],
                        "selector": [],
                        "storage_class_name": "standard",
                        "volume_name": ""
                      }
                    ]
                  }
                ]
              }
            ],
            "timeouts": null,
            "wait_for_rollout": true
          },
          "sensitive_attributes": [],
          "private": "eyJlMmJmYjczMC1lY2FhLTExZTYtOGY4OC0zNDM2M2JjN2M0YzAiOnsiY3JlYXRlIjo2MDAwMDAwMDAwMDAsImRlbGV0ZSI6NjAwMDAwMDAwMDAwLCJyZWFkIjo2MDAwMDAwMDAwMDAsInVwZGF0ZSI6NjAwMDAwMDAwMDAwfSwic2NoZW1hX3ZlcnNpb24iOiIxIn0="
        }
      ]
    }
  ],
  "check_results": []
}
